// !$*UTF8*$!
{
	archiveVersion = 1;
	classes = {
	};
	objectVersion = 50;
	objects = {

/* Begin PBXBuildFile section */
		CDB5CADD23A48B38009C3144 /* AppDelegate.swift in Sources */ = {isa = PBXBuildFile; fileRef = CDB5CADC23A48B38009C3144 /* AppDelegate.swift */; };
		CDB5CADF23A48B38009C3144 /* SceneDelegate.swift in Sources */ = {isa = PBXBuildFile; fileRef = CDB5CADE23A48B38009C3144 /* SceneDelegate.swift */; };
		CDB5CAE423A48B38009C3144 /* Main.storyboard in Resources */ = {isa = PBXBuildFile; fileRef = CDB5CAE223A48B38009C3144 /* Main.storyboard */; };
		CDB5CAE623A48B3C009C3144 /* Assets.xcassets in Resources */ = {isa = PBXBuildFile; fileRef = CDB5CAE523A48B3C009C3144 /* Assets.xcassets */; };
		CDB5CAE923A48B3C009C3144 /* LaunchScreen.storyboard in Resources */ = {isa = PBXBuildFile; fileRef = CDB5CAE723A48B3C009C3144 /* LaunchScreen.storyboard */; };
		CDB5CAF223A48C17009C3144 /* HomeViewController.swift in Sources */ = {isa = PBXBuildFile; fileRef = CDB5CAF123A48C17009C3144 /* HomeViewController.swift */; };
/* End PBXBuildFile section */

/* Begin PBXFileReference section */
		CDB5CAD923A48B38009C3144 /* BoilerPlate1.app */ = {isa = PBXFileReference; explicitFileType = wrapper.application; includeInIndex = 0; path = BoilerPlate1.app; sourceTree = BUILT_PRODUCTS_DIR; };
		CDB5CADC23A48B38009C3144 /* AppDelegate.swift */ = {isa = PBXFileReference; lastKnownFileType = sourcecode.swift; path = AppDelegate.swift; sourceTree = "<group>"; };
		CDB5CADE23A48B38009C3144 /* SceneDelegate.swift */ = {isa = PBXFileReference; lastKnownFileType = sourcecode.swift; path = SceneDelegate.swift; sourceTree = "<group>"; };
		CDB5CAE323A48B38009C3144 /* Base */ = {isa = PBXFileReference; lastKnownFileType = file.storyboard; name = Base; path = Base.lproj/Main.storyboard; sourceTree = "<group>"; };
		CDB5CAE523A48B3C009C3144 /* Assets.xcassets */ = {isa = PBXFileReference; lastKnownFileType = folder.assetcatalog; path = Assets.xcassets; sourceTree = "<group>"; };
		CDB5CAE823A48B3C009C3144 /* Base */ = {isa = PBXFileReference; lastKnownFileType = file.storyboard; name = Base; path = Base.lproj/LaunchScreen.storyboard; sourceTree = "<group>"; };
		CDB5CAEA23A48B3C009C3144 /* Info.plist */ = {isa = PBXFileReference; lastKnownFileType = text.plist.xml; path = Info.plist; sourceTree = "<group>"; };
		CDB5CAF123A48C17009C3144 /* HomeViewController.swift */ = {isa = PBXFileReference; lastKnownFileType = sourcecode.swift; path = HomeViewController.swift; sourceTree = "<group>"; };
/* End PBXFileReference section */

/* Begin PBXFrameworksBuildPhase section */
		CDB5CAD623A48B38009C3144 /* Frameworks */ = {
			isa = PBXFrameworksBuildPhase;
			buildActionMask = 2147483647;
			files = (
			);
			runOnlyForDeploymentPostprocessing = 0;
		};
/* End PBXFrameworksBuildPhase section */

/* Begin PBXGroup section */
		CDB5CAD023A48B38009C3144 = {
			isa = PBXGroup;
			children = (
				CDB5CADB23A48B38009C3144 /* BoilerPlate1 */,
				CDB5CADA23A48B38009C3144 /* Products */,
			);
			sourceTree = "<group>";
		};
		CDB5CADA23A48B38009C3144 /* Products */ = {
			isa = PBXGroup;
			children = (
				CDB5CAD923A48B38009C3144 /* BoilerPlate1.app */,
			);
			name = Products;
			sourceTree = "<group>";
		};
		CDB5CADB23A48B38009C3144 /* BoilerPlate1 */ = {
			isa = PBXGroup;
			children = (
				CDB5CAF023A48BE2009C3144 /* Controller */,
				CDB5CADC23A48B38009C3144 /* AppDelegate.swift */,
				CDB5CADE23A48B38009C3144 /* SceneDelegate.swift */,
				CDB5CAE223A48B38009C3144 /* Main.storyboard */,
				CDB5CAE523A48B3C009C3144 /* Assets.xcassets */,
				CDB5CAE723A48B3C009C3144 /* LaunchScreen.storyboard */,
				CDB5CAEA23A48B3C009C3144 /* Info.plist */,
			);
			path = BoilerPlate1;
			sourceTree = "<group>";
		};
		CDB5CAF023A48BE2009C3144 /* Controller */ = {
			isa = PBXGroup;
			children = (
				CDB5CAF123A48C17009C3144 /* HomeViewController.swift */,
			);
			path = Controller;
			sourceTree = "<group>";
		};
/* End PBXGroup section */

/* Begin PBXNativeTarget section */
		CDB5CAD823A48B38009C3144 /* BoilerPlate1 */ = {
			isa = PBXNativeTarget;
			buildConfigurationList = CDB5CAED23A48B3C009C3144 /* Build configuration list for PBXNativeTarget "BoilerPlate1" */;
			buildPhases = (
				CDB5CAD523A48B38009C3144 /* Sources */,
				CDB5CAD623A48B38009C3144 /* Frameworks */,
				CDB5CAD723A48B38009C3144 /* Resources */,
			);
			buildRules = (
			);
			dependencies = (
			);
			name = BoilerPlate1;
			productName = BoilerPlate1;
			productReference = CDB5CAD923A48B38009C3144 /* BoilerPlate1.app */;
			productType = "com.apple.product-type.application";
		};
/* End PBXNativeTarget section */

/* Begin PBXProject section */
		CDB5CAD123A48B38009C3144 /* Project object */ = {
			isa = PBXProject;
			attributes = {
				LastSwiftUpdateCheck = 1130;
				LastUpgradeCheck = 1130;
				ORGANIZATIONNAME = "shubham tyagi";
				TargetAttributes = {
					CDB5CAD823A48B38009C3144 = {
						CreatedOnToolsVersion = 11.3;
					};
				};
			};
			buildConfigurationList = CDB5CAD423A48B38009C3144 /* Build configuration list for PBXProject "BoilerPlate1" */;
			compatibilityVersion = "Xcode 9.3";
			developmentRegion = en;
			hasScannedForEncodings = 0;
			knownRegions = (
				en,
				Base,
			);
			mainGroup = CDB5CAD023A48B38009C3144;
			productRefGroup = CDB5CADA23A48B38009C3144 /* Products */;
			projectDirPath = "";
			projectRoot = "";
			targets = (
				CDB5CAD823A48B38009C3144 /* BoilerPlate1 */,
			);
		};
/* End PBXProject section */

/* Begin PBXResourcesBuildPhase section */
		CDB5CAD723A48B38009C3144 /* Resources */ = {
			isa = PBXResourcesBuildPhase;
			buildActionMask = 2147483647;
			files = (
				CDB5CAE923A48B3C009C3144 /* LaunchScreen.storyboard in Resources */,
				CDB5CAE623A48B3C009C3144 /* Assets.xcassets in Resources */,
				CDB5CAE423A48B38009C3144 /* Main.storyboard in Resources */,
			);
			runOnlyForDeploymentPostprocessing = 0;
		};
/* End PBXResourcesBuildPhase section */

/* Begin PBXSourcesBuildPhase section */
		CDB5CAD523A48B38009C3144 /* Sources */ = {
			isa = PBXSourcesBuildPhase;
			buildActionMask = 2147483647;
			files = (
				CDB5CADD23A48B38009C3144 /* AppDelegate.swift in Sources */,
				CDB5CADF23A48B38009C3144 /* SceneDelegate.swift in Sources */,
				CDB5CAF223A48C17009C3144 /* HomeViewController.swift in Sources */,
			);
			runOnlyForDeploymentPostprocessing = 0;
		};
/* End PBXSourcesBuildPhase section */

/* Begin PBXVariantGroup section */
		CDB5CAE223A48B38009C3144 /* Main.storyboard */ = {
			isa = PBXVariantGroup;
			children = (
				CDB5CAE323A48B38009C3144 /* Base */,
			);
			name = Main.storyboard;
			sourceTree = "<group>";
		};
		CDB5CAE723A48B3C009C3144 /* LaunchScreen.storyboard */ = {
			isa = PBXVariantGroup;
			children = (
				CDB5CAE823A48B3C009C3144 /* Base */,
			);
			name = LaunchScreen.storyboard;
			sourceTree = "<group>";
		};
/* End PBXVariantGroup section */

/* Begin XCBuildConfiguration section */
		CDB5CAEB23A48B3C009C3144 /* Debug */ = {
			isa = XCBuildConfiguration;
			buildSettings = {
				ALWAYS_SEARCH_USER_PATHS = NO;
				CLANG_ANALYZER_NONNULL = YES;
				CLANG_ANALYZER_NUMBER_OBJECT_CONVERSION = YES_AGGRESSIVE;
				CLANG_CXX_LANGUAGE_STANDARD = "gnu++14";
				CLANG_CXX_LIBRARY = "libc++";
				CLANG_ENABLE_MODULES = YES;
				CLANG_ENABLE_OBJC_ARC = YES;
				CLANG_ENABLE_OBJC_WEAK = YES;
				CLANG_WARN_BLOCK_CAPTURE_AUTORELEASING = YES;
				CLANG_WARN_BOOL_CONVERSION = YES;
				CLANG_WARN_COMMA = YES;
				CLANG_WARN_CONSTANT_CONVERSION = YES;
				CLANG_WARN_DEPRECATED_OBJC_IMPLEMENTATIONS = YES;
				CLANG_WARN_DIRECT_OBJC_ISA_USAGE = YES_ERROR;
				CLANG_WARN_DOCUMENTATION_COMMENTS = YES;
				CLANG_WARN_EMPTY_BODY = YES;
				CLANG_WARN_ENUM_CONVERSION = YES;
				CLANG_WARN_INFINITE_RECURSION = YES;
				CLANG_WARN_INT_CONVERSION = YES;
				CLANG_WARN_NON_LITERAL_NULL_CONVERSION = YES;
				CLANG_WARN_OBJC_IMPLICIT_RETAIN_SELF = YES;
				CLANG_WARN_OBJC_LITERAL_CONVERSION = YES;
				CLANG_WARN_OBJC_ROOT_CLASS = YES_ERROR;
				CLANG_WARN_RANGE_LOOP_ANALYSIS = YES;
				CLANG_WARN_STRICT_PROTOTYPES = YES;
				CLANG_WARN_SUSPICIOUS_MOVE = YES;
				CLANG_WARN_UNGUARDED_AVAILABILITY = YES_AGGRESSIVE;
				CLANG_WARN_UNREACHABLE_CODE = YES;
				CLANG_WARN__DUPLICATE_METHOD_MATCH = YES;
				COPY_PHASE_STRIP = NO;
				DEBUG_INFORMATION_FORMAT = dwarf;
				ENABLE_STRICT_OBJC_MSGSEND = YES;
				ENABLE_TESTABILITY = YES;
				GCC_C_LANGUAGE_STANDARD = gnu11;
				GCC_DYNAMIC_NO_PIC = NO;
				GCC_NO_COMMON_BLOCKS = YES;
				GCC_OPTIMIZATION_LEVEL = 0;
				GCC_PREPROCESSOR_DEFINITIONS = (
					"DEBUG=1",
					"$(inherited)",
				);
				GCC_WARN_64_TO_32_BIT_CONVERSION = YES;
				GCC_WARN_ABOUT_RETURN_TYPE = YES_ERROR;
				GCC_WARN_UNDECLARED_SELECTOR = YES;
				GCC_WARN_UNINITIALIZED_AUTOS = YES_AGGRESSIVE;
				GCC_WARN_UNUSED_FUNCTION = YES;
				GCC_WARN_UNUSED_VARIABLE = YES;
				IPHONEOS_DEPLOYMENT_TARGET = 13.2;
				MTL_ENABLE_DEBUG_INFO = INCLUDE_SOURCE;
				MTL_FAST_MATH = YES;
				ONLY_ACTIVE_ARCH = YES;
				SDKROOT = iphoneos;
				SWIFT_ACTIVE_COMPILATION_CONDITIONS = DEBUG;
				SWIFT_OPTIMIZATION_LEVEL = "-Onone";
			};
			name = Debug;
		};
		CDB5CAEC23A48B3C009C3144 /* Release */ = {
			isa = XCBuildConfiguration;
			buildSettings = {
				ALWAYS_SEARCH_USER_PATHS = NO;
				CLANG_ANALYZER_NONNULL = YES;
				CLANG_ANALYZER_NUMBER_OBJECT_CONVERSION = YES_AGGRESSIVE;
				CLANG_CXX_LANGUAGE_STANDARD = "gnu++14";
				CLANG_CXX_LIBRARY = "libc++";
				CLANG_ENABLE_MODULES = YES;
				CLANG_ENABLE_OBJC_ARC = YES;
				CLANG_ENABLE_OBJC_WEAK = YES;
				CLANG_WARN_BLOCK_CAPTURE_AUTORELEASING = YES;
				CLANG_WARN_BOOL_CONVERSION = YES;
				CLANG_WARN_COMMA = YES;
				CLANG_WARN_CONSTANT_CONVERSION = YES;
				CLANG_WARN_DEPRECATED_OBJC_IMPLEMENTATIONS = YES;
				CLANG_WARN_DIRECT_OBJC_ISA_USAGE = YES_ERROR;
				CLANG_WARN_DOCUMENTATION_COMMENTS = YES;
				CLANG_WARN_EMPTY_BODY = YES;
				CLANG_WARN_ENUM_CONVERSION = YES;
				CLANG_WARN_INFINITE_RECURSION = YES;
				CLANG_WARN_INT_CONVERSION = YES;
				CLANG_WARN_NON_LITERAL_NULL_CONVERSION = YES;
				CLANG_WARN_OBJC_IMPLICIT_RETAIN_SELF = YES;
				CLANG_WARN_OBJC_LITERAL_CONVERSION = YES;
				CLANG_WARN_OBJC_ROOT_CLASS = YES_ERROR;
				CLANG_WARN_RANGE_LOOP_ANALYSIS = YES;
				CLANG_WARN_STRICT_PROTOTYPES = YES;
				CLANG_WARN_SUSPICIOUS_MOVE = YES;
				CLANG_WARN_UNGUARDED_AVAILABILITY = YES_AGGRESSIVE;
				CLANG_WARN_UNREACHABLE_CODE = YES;
				CLANG_WARN__DUPLICATE_METHOD_MATCH = YES;
				COPY_PHASE_STRIP = NO;
				DEBUG_INFORMATION_FORMAT = "dwarf-with-dsym";
				ENABLE_NS_ASSERTIONS = NO;
				ENABLE_STRICT_OBJC_MSGSEND = YES;
				GCC_C_LANGUAGE_STANDARD = gnu11;
				GCC_NO_COMMON_BLOCKS = YES;
				GCC_WARN_64_TO_32_BIT_CONVERSION = YES;
				GCC_WARN_ABOUT_RETURN_TYPE = YES_ERROR;
				GCC_WARN_UNDECLARED_SELECTOR = YES;
				GCC_WARN_UNINITIALIZED_AUTOS = YES_AGGRESSIVE;
				GCC_WARN_UNUSED_FUNCTION = YES;
				GCC_WARN_UNUSED_VARIABLE = YES;
				IPHONEOS_DEPLOYMENT_TARGET = 13.2;
				MTL_ENABLE_DEBUG_INFO = NO;
				MTL_FAST_MATH = YES;
				SDKROOT = iphoneos;
				SWIFT_COMPILATION_MODE = wholemodule;
				SWIFT_OPTIMIZATION_LEVEL = "-O";
				VALIDATE_PRODUCT = YES;
			};
			name = Release;
		};
		CDB5CAEE23A48B3C009C3144 /* Debug */ = {
			isa = XCBuildConfiguration;
			buildSettings = {
				ASSETCATALOG_COMPILER_APPICON_NAME = AppIcon;
				CODE_SIGN_STYLE = Automatic;
				INFOPLIST_FILE = BoilerPlate1/Info.plist;
				LD_RUNPATH_SEARCH_PATHS = (
					"$(inherited)",
					"@executable_path/Frameworks",
				);
				PRODUCT_BUNDLE_IDENTIFIER = com.tyagi.BoilerPlate1;
				PRODUCT_NAME = "$(TARGET_NAME)";
				SWIFT_VERSION = 5.0;
				TARGETED_DEVICE_FAMILY = "1,2";
			};
			name = Debug;
		};
		CDB5CAEF23A48B3C009C3144 /* Release */ = {
			isa = XCBuildConfiguration;
			buildSettings = {
				ASSETCATALOG_COMPILER_APPICON_NAME = AppIcon;
				CODE_SIGN_STYLE = Automatic;
				INFOPLIST_FILE = BoilerPlate1/Info.plist;
				LD_RUNPATH_SEARCH_PATHS = (
					"$(inherited)",
					"@executable_path/Frameworks",
				);
				PRODUCT_BUNDLE_IDENTIFIER = com.tyagi.BoilerPlate1;
				PRODUCT_NAME = "$(TARGET_NAME)";
				SWIFT_VERSION = 5.0;
				TARGETED_DEVICE_FAMILY = "1,2";
			};
			name = Release;
		};
/* End XCBuildConfiguration section */

/* Begin XCConfigurationList section */
		CDB5CAD423A48B38009C3144 /* Build configuration list for PBXProject "BoilerPlate1" */ = {
			isa = XCConfigurationList;
			buildConfigurations = (
				CDB5CAEB23A48B3C009C3144 /* Debug */,
				CDB5CAEC23A48B3C009C3144 /* Release */,
			);
			defaultConfigurationIsVisible = 0;
			defaultConfigurationName = Release;
		};
		CDB5CAED23A48B3C009C3144 /* Build configuration list for PBXNativeTarget "BoilerPlate1" */ = {
			isa = XCConfigurationList;
			buildConfigurations = (
				CDB5CAEE23A48B3C009C3144 /* Debug */,
				CDB5CAEF23A48B3C009C3144 /* Release */,
			);
			defaultConfigurationIsVisible = 0;
			defaultConfigurationName = Release;
		};
/* End XCConfigurationList section */
	};
	rootObject = CDB5CAD123A48B38009C3144 /* Project object */;
}
